<?xml version="1.0" encoding="utf-8"?>
<Project ToolsVersion="4.0" xmlns="http://schemas.microsoft.com/developer/msbuild/2003">
  <ItemGroup>
    <Filter Include="Source Files">
      <UniqueIdentifier>{4FC737F1-C7A5-4376-A066-2A32D752A2FF}</UniqueIdentifier>
      <Extensions>cpp;cxx;c;def</Extensions>
    </Filter>
    <Filter Include="Header Files">
      <UniqueIdentifier>{93995380-89BD-4b04-88EB-625FBE52EBFB}</UniqueIdentifier>
      <Extensions>h</Extensions>
    </Filter>
    <Filter Include="Form Files">
      <UniqueIdentifier>{99349809-55BA-4b9d-BF79-8FDBB0286EB3}</UniqueIdentifier>
      <Extensions>ui</Extensions>
    </Filter>
    <Filter Include="Resource Files">
      <UniqueIdentifier>{D9D6E242-F8AF-46E4-B9FD-80ECBC20BA3E}</UniqueIdentifier>
      <Extensions>qrc;*</Extensions>
      <ParseFiles>false</ParseFiles>
    </Filter>
    <Filter Include="Generated Files">
      <UniqueIdentifier>{71ED8ED8-ACB9-4CE9-BBE1-E00B30144E11}</UniqueIdentifier>
      <Extensions>moc;h;cpp</Extensions>
      <SourceControlFiles>False</SourceControlFiles>
    </Filter>
    <Filter Include="Generated Files\Debug">
      <UniqueIdentifier>{d838335e-1a98-491a-89a0-a6aa30d7272c}</UniqueIdentifier>
      <Extensions>cpp;moc</Extensions>
      <SourceControlFiles>False</SourceControlFiles>
    </Filter>
    <Filter Include="Generated Files\Release">
      <UniqueIdentifier>{d3b7d561-ca6f-41ac-913f-9ae7648ce10f}</UniqueIdentifier>
      <Extensions>cpp;moc</Extensions>
      <SourceControlFiles>False</SourceControlFiles>
    </Filter>
  </ItemGroup>
  <ItemGroup>
    <ClCompile Include="Src\xinglib.cpp">
      <Filter>Source Files</Filter>
    </ClCompile>
    <ClCompile Include="GeneratedFiles\Debug\moc_sadmodel.cpp">
      <Filter>Generated Files\Debug</Filter>
    </ClCompile>
    <ClCompile Include="GeneratedFiles\Release\moc_sadmodel.cpp">
      <Filter>Generated Files\Release</Filter>
    </ClCompile>
    <ClCompile Include="GeneratedFiles\Debug\moc_stockinfo.cpp">
      <Filter>Generated Files\Debug</Filter>
    </ClCompile>
    <ClCompile Include="GeneratedFiles\Release\moc_stockinfo.cpp">
      <Filter>Generated Files\Release</Filter>
    </ClCompile>
    <ClCompile Include="GeneratedFiles\Debug\moc_summarymodel.cpp">
      <Filter>Generated Files\Debug</Filter>
    </ClCompile>
    <ClCompile Include="GeneratedFiles\Release\moc_summarymodel.cpp">
      <Filter>Generated Files\Release</Filter>
    </ClCompile>
    <ClCompile Include="GeneratedFiles\Debug\moc_qchartviewer.cpp">
      <Filter>Generated Files\Debug</Filter>
    </ClCompile>
    <ClCompile Include="GeneratedFiles\Release\moc_qchartviewer.cpp">
      <Filter>Generated Files\Release</Filter>
    </ClCompile>
    <ClCompile Include="GeneratedFiles\Debug\moc_stockchartdatamanager.cpp">
      <Filter>Generated Files\Debug</Filter>
    </ClCompile>
    <ClCompile Include="GeneratedFiles\Release\moc_stockchartdatamanager.cpp">
      <Filter>Generated Files\Release</Filter>
    </ClCompile>
    <ClCompile Include="GeneratedFiles\Debug\moc_qperiodselectiondlg.cpp">
      <Filter>Generated Files\Debug</Filter>
    </ClCompile>
    <ClCompile Include="GeneratedFiles\Release\moc_qperiodselectiondlg.cpp">
      <Filter>Generated Files\Release</Filter>
    </ClCompile>
    <ClCompile Include="GeneratedFiles\Debug\moc_shcodeselectiondialog.cpp">
      <Filter>Generated Files\Debug</Filter>
    </ClCompile>
    <ClCompile Include="GeneratedFiles\Release\moc_shcodeselectiondialog.cpp">
      <Filter>Generated Files\Release</Filter>
    </ClCompile>
    <ClCompile Include="GeneratedFiles\Debug\moc_stockinfomngr.cpp">
      <Filter>Generated Files\Debug</Filter>
    </ClCompile>
    <ClCompile Include="GeneratedFiles\Release\moc_stockinfomngr.cpp">
      <Filter>Generated Files\Release</Filter>
    </ClCompile>
    <ClCompile Include="GeneratedFiles\Debug\moc_stockinfoupdater.cpp">
      <Filter>Generated Files\Debug</Filter>
    </ClCompile>
    <ClCompile Include="GeneratedFiles\Release\moc_stockinfoupdater.cpp">
      <Filter>Generated Files\Release</Filter>
    </ClCompile>
    <ClCompile Include="GeneratedFiles\Debug\moc_themeupjongupdater.cpp">
      <Filter>Generated Files\Debug</Filter>
    </ClCompile>
    <ClCompile Include="GeneratedFiles\Release\moc_themeupjongupdater.cpp">
      <Filter>Generated Files\Release</Filter>
    </ClCompile>
    <ClCompile Include="GeneratedFiles\Debug\moc_UpjongCodeUpdater.cpp">
      <Filter>Generated Files\Debug</Filter>
    </ClCompile>
    <ClCompile Include="GeneratedFiles\Release\moc_UpjongCodeUpdater.cpp">
      <Filter>Generated Files\Release</Filter>
    </ClCompile>
    <ClCompile Include="GeneratedFiles\Debug\moc_logindialog.cpp">
      <Filter>Generated Files\Debug</Filter>
    </ClCompile>
    <ClCompile Include="GeneratedFiles\Release\moc_logindialog.cpp">
      <Filter>Generated Files\Release</Filter>
    </ClCompile>
    <ClCompile Include="GeneratedFiles\Debug\moc_loginmngr.cpp">
      <Filter>Generated Files\Debug</Filter>
    </ClCompile>
    <ClCompile Include="GeneratedFiles\Release\moc_loginmngr.cpp">
      <Filter>Generated Files\Release</Filter>
    </ClCompile>
    <ClCompile Include="GeneratedFiles\Debug\moc_queryhandler.cpp">
      <Filter>Generated Files\Debug</Filter>
    </ClCompile>
    <ClCompile Include="GeneratedFiles\Release\moc_queryhandler.cpp">
      <Filter>Generated Files\Release</Filter>
    </ClCompile>
    <ClCompile Include="GeneratedFiles\Debug\moc_querymngr.cpp">
      <Filter>Generated Files\Debug</Filter>
    </ClCompile>
    <ClCompile Include="GeneratedFiles\Release\moc_querymngr.cpp">
      <Filter>Generated Files\Release</Filter>
    </ClCompile>
    <ClCompile Include="GeneratedFiles\Debug\moc_progressbaritemdelegate.cpp">
      <Filter>Generated Files\Debug</Filter>
    </ClCompile>
    <ClCompile Include="GeneratedFiles\Release\moc_progressbaritemdelegate.cpp">
      <Filter>Generated Files\Release</Filter>
    </ClCompile>
    <ClCompile Include="GeneratedFiles\Debug\moc_movementupdater.cpp">
      <Filter>Generated Files\Debug</Filter>
    </ClCompile>
    <ClCompile Include="GeneratedFiles\Release\moc_movementupdater.cpp">
      <Filter>Generated Files\Release</Filter>
    </ClCompile>
    <ClCompile Include="GeneratedFiles\Debug\moc_stockexchangemngr.cpp">
      <Filter>Generated Files\Debug</Filter>
    </ClCompile>
    <ClCompile Include="GeneratedFiles\Release\moc_stockexchangemngr.cpp">
      <Filter>Generated Files\Release</Filter>
    </ClCompile>
    <ClCompile Include="GeneratedFiles\Debug\moc_t1102item.cpp">
      <Filter>Generated Files\Debug</Filter>
    </ClCompile>
    <ClCompile Include="GeneratedFiles\Release\moc_t1102item.cpp">
      <Filter>Generated Files\Release</Filter>
    </ClCompile>
    <ClCompile Include="GeneratedFiles\Debug\moc_t1102query.cpp">
      <Filter>Generated Files\Debug</Filter>
    </ClCompile>
    <ClCompile Include="GeneratedFiles\Release\moc_t1102query.cpp">
      <Filter>Generated Files\Release</Filter>
    </ClCompile>
    <ClCompile Include="GeneratedFiles\Debug\moc_t1516item.cpp">
      <Filter>Generated Files\Debug</Filter>
    </ClCompile>
    <ClCompile Include="GeneratedFiles\Release\moc_t1516item.cpp">
      <Filter>Generated Files\Release</Filter>
    </ClCompile>
    <ClCompile Include="GeneratedFiles\Debug\moc_t1516query.cpp">
      <Filter>Generated Files\Debug</Filter>
    </ClCompile>
    <ClCompile Include="GeneratedFiles\Release\moc_t1516query.cpp">
      <Filter>Generated Files\Release</Filter>
    </ClCompile>
    <ClCompile Include="GeneratedFiles\Debug\moc_t1537item.cpp">
      <Filter>Generated Files\Debug</Filter>
    </ClCompile>
    <ClCompile Include="GeneratedFiles\Release\moc_t1537item.cpp">
      <Filter>Generated Files\Release</Filter>
    </ClCompile>
    <ClCompile Include="GeneratedFiles\Debug\moc_t1537query.cpp">
      <Filter>Generated Files\Debug</Filter>
    </ClCompile>
    <ClCompile Include="GeneratedFiles\Release\moc_t1537query.cpp">
      <Filter>Generated Files\Release</Filter>
    </ClCompile>
    <ClCompile Include="GeneratedFiles\Debug\moc_t1702item.cpp">
      <Filter>Generated Files\Debug</Filter>
    </ClCompile>
    <ClCompile Include="GeneratedFiles\Release\moc_t1702item.cpp">
      <Filter>Generated Files\Release</Filter>
    </ClCompile>
    <ClCompile Include="GeneratedFiles\Debug\moc_t1702query.cpp">
      <Filter>Generated Files\Debug</Filter>
    </ClCompile>
    <ClCompile Include="GeneratedFiles\Release\moc_t1702query.cpp">
      <Filter>Generated Files\Release</Filter>
    </ClCompile>
    <ClCompile Include="GeneratedFiles\Debug\moc_t8413item.cpp">
      <Filter>Generated Files\Debug</Filter>
    </ClCompile>
    <ClCompile Include="GeneratedFiles\Release\moc_t8413item.cpp">
      <Filter>Generated Files\Release</Filter>
    </ClCompile>
    <ClCompile Include="GeneratedFiles\Debug\moc_t8413query.cpp">
      <Filter>Generated Files\Debug</Filter>
    </ClCompile>
    <ClCompile Include="GeneratedFiles\Release\moc_t8413query.cpp">
      <Filter>Generated Files\Release</Filter>
    </ClCompile>
    <ClCompile Include="GeneratedFiles\Debug\moc_t8424item.cpp">
      <Filter>Generated Files\Debug</Filter>
    </ClCompile>
    <ClCompile Include="GeneratedFiles\Release\moc_t8424item.cpp">
      <Filter>Generated Files\Release</Filter>
    </ClCompile>
    <ClCompile Include="GeneratedFiles\Debug\moc_t8424query.cpp">
      <Filter>Generated Files\Debug</Filter>
    </ClCompile>
    <ClCompile Include="GeneratedFiles\Release\moc_t8424query.cpp">
      <Filter>Generated Files\Release</Filter>
    </ClCompile>
    <ClCompile Include="GeneratedFiles\Debug\moc_T8425Item.cpp">
      <Filter>Generated Files\Debug</Filter>
    </ClCompile>
    <ClCompile Include="GeneratedFiles\Release\moc_T8425Item.cpp">
      <Filter>Generated Files\Release</Filter>
    </ClCompile>
    <ClCompile Include="GeneratedFiles\Debug\moc_T8425Query.cpp">
      <Filter>Generated Files\Debug</Filter>
    </ClCompile>
    <ClCompile Include="GeneratedFiles\Release\moc_T8425Query.cpp">
      <Filter>Generated Files\Release</Filter>
    </ClCompile>
    <ClCompile Include="GeneratedFiles\Debug\moc_t8430item.cpp">
      <Filter>Generated Files\Debug</Filter>
    </ClCompile>
    <ClCompile Include="GeneratedFiles\Release\moc_t8430item.cpp">
      <Filter>Generated Files\Release</Filter>
    </ClCompile>
    <ClCompile Include="GeneratedFiles\Debug\moc_t8430query.cpp">
      <Filter>Generated Files\Debug</Filter>
    </ClCompile>
    <ClCompile Include="GeneratedFiles\Release\moc_t8430query.cpp">
      <Filter>Generated Files\Release</Filter>
    </ClCompile>
    <ClCompile Include="GeneratedFiles\Debug\moc_blocktrquery.cpp">
      <Filter>Generated Files\Debug</Filter>
    </ClCompile>
    <ClCompile Include="GeneratedFiles\Release\moc_blocktrquery.cpp">
      <Filter>Generated Files\Release</Filter>
    </ClCompile>
    <ClCompile Include="GeneratedFiles\Debug\moc_ctstrquery.cpp">
      <Filter>Generated Files\Debug</Filter>
    </ClCompile>
    <ClCompile Include="GeneratedFiles\Release\moc_ctstrquery.cpp">
      <Filter>Generated Files\Release</Filter>
    </ClCompile>
    <ClCompile Include="GeneratedFiles\Debug\moc_simpletrquery.cpp">
      <Filter>Generated Files\Debug</Filter>
    </ClCompile>
    <ClCompile Include="GeneratedFiles\Release\moc_simpletrquery.cpp">
      <Filter>Generated Files\Release</Filter>
    </ClCompile>
    <ClCompile Include="GeneratedFiles\Debug\moc_tritem.cpp">
      <Filter>Generated Files\Debug</Filter>
    </ClCompile>
    <ClCompile Include="GeneratedFiles\Release\moc_tritem.cpp">
      <Filter>Generated Files\Release</Filter>
    </ClCompile>
    <ClCompile Include="GeneratedFiles\Debug\moc_trquery.cpp">
      <Filter>Generated Files\Debug</Filter>
    </ClCompile>
    <ClCompile Include="GeneratedFiles\Release\moc_trquery.cpp">
      <Filter>Generated Files\Release</Filter>
    </ClCompile>
    <ClCompile Include="GeneratedFiles\Debug\moc_logbrowser.cpp">
      <Filter>Generated Files\Debug</Filter>
    </ClCompile>
    <ClCompile Include="GeneratedFiles\Release\moc_logbrowser.cpp">
      <Filter>Generated Files\Release</Filter>
    </ClCompile>
    <ClCompile Include="GeneratedFiles\Debug\moc_logbrowserdialog.cpp">
      <Filter>Generated Files\Debug</Filter>
    </ClCompile>
    <ClCompile Include="GeneratedFiles\Release\moc_logbrowserdialog.cpp">
      <Filter>Generated Files\Release</Filter>
    </ClCompile>
    <ClCompile Include="GeneratedFiles\Debug\moc_xingthread.cpp">
      <Filter>Generated Files\Debug</Filter>
    </ClCompile>
    <ClCompile Include="GeneratedFiles\Release\moc_xingthread.cpp">
      <Filter>Generated Files\Release</Filter>
    </ClCompile>
    <ClCompile Include="GeneratedFiles\Debug\moc_xaquery.cpp">
      <Filter>Generated Files\Debug</Filter>
    </ClCompile>
    <ClCompile Include="GeneratedFiles\Release\moc_xaquery.cpp">
      <Filter>Generated Files\Release</Filter>
    </ClCompile>
    <ClCompile Include="GeneratedFiles\Debug\moc_xareal.cpp">
      <Filter>Generated Files\Debug</Filter>
    </ClCompile>
    <ClCompile Include="GeneratedFiles\Release\moc_xareal.cpp">
      <Filter>Generated Files\Release</Filter>
    </ClCompile>
    <ClCompile Include="GeneratedFiles\Debug\moc_xasession.cpp">
      <Filter>Generated Files\Debug</Filter>
    </ClCompile>
    <ClCompile Include="GeneratedFiles\Release\moc_xasession.cpp">
      <Filter>Generated Files\Release</Filter>
    </ClCompile>
    <ClCompile Include="GeneratedFiles\Debug\moc_xasessionevents.cpp">
      <Filter>Generated Files\Debug</Filter>
    </ClCompile>
    <ClCompile Include="GeneratedFiles\Release\moc_xasessionevents.cpp">
      <Filter>Generated Files\Release</Filter>
    </ClCompile>
    <ClCompile Include="Src\common\type\stockinfo.cpp">
      <Filter>Source Files</Filter>
    </ClCompile>
    <ClCompile Include="Src\common\ui\qperiodselectiondlg.cpp">
      <Filter>Source Files</Filter>
    </ClCompile>
    <ClCompile Include="Src\common\ui\shcodeselectiondialog.cpp">
      <Filter>Source Files</Filter>
    </ClCompile>
    <ClCompile Include="Src\core\tr\t1102\t1102item.cpp">
      <Filter>Source Files</Filter>
    </ClCompile>
    <ClCompile Include="Src\core\tr\t1102\t1102query.cpp">
      <Filter>Source Files</Filter>
    </ClCompile>
    <ClCompile Include="Src\core\tr\t1516\t1516item.cpp">
      <Filter>Source Files</Filter>
    </ClCompile>
    <ClCompile Include="Src\core\tr\t1516\t1516query.cpp">
      <Filter>Source Files</Filter>
    </ClCompile>
    <ClCompile Include="Src\core\tr\t1537\t1537item.cpp">
      <Filter>Source Files</Filter>
    </ClCompile>
    <ClCompile Include="Src\core\tr\t1537\t1537query.cpp">
      <Filter>Source Files</Filter>
    </ClCompile>
    <ClCompile Include="Src\core\tr\t1702\t1702item.cpp">
      <Filter>Source Files</Filter>
    </ClCompile>
    <ClCompile Include="Src\core\tr\t1702\t1702query.cpp">
      <Filter>Source Files</Filter>
    </ClCompile>
    <ClCompile Include="Src\core\tr\t8413\t8413item.cpp">
      <Filter>Source Files</Filter>
    </ClCompile>
    <ClCompile Include="Src\core\tr\t8413\t8413query.cpp">
      <Filter>Source Files</Filter>
    </ClCompile>
    <ClCompile Include="Src\core\tr\t8424\t8424item.cpp">
      <Filter>Source Files</Filter>
    </ClCompile>
    <ClCompile Include="Src\core\tr\t8424\t8424query.cpp">
      <Filter>Source Files</Filter>
    </ClCompile>
    <ClCompile Include="Src\core\tr\t8425\T8425Item.cpp">
      <Filter>Source Files</Filter>
    </ClCompile>
    <ClCompile Include="Src\core\tr\t8425\T8425Query.cpp">
      <Filter>Source Files</Filter>
    </ClCompile>
    <ClCompile Include="Src\core\tr\t8430\t8430item.cpp">
      <Filter>Source Files</Filter>
    </ClCompile>
    <ClCompile Include="Src\core\tr\t8430\t8430query.cpp">
      <Filter>Source Files</Filter>
    </ClCompile>
    <ClCompile Include="Src\core\tr\blocktrquery.cpp">
      <Filter>Source Files</Filter>
    </ClCompile>
    <ClCompile Include="Src\core\tr\ctstrquery.cpp">
      <Filter>Source Files</Filter>
    </ClCompile>
    <ClCompile Include="Src\core\tr\simpletrquery.cpp">
      <Filter>Source Files</Filter>
    </ClCompile>
    <ClCompile Include="Src\core\tr\tritem.cpp">
      <Filter>Source Files</Filter>
    </ClCompile>
    <ClCompile Include="Src\core\tr\trmetainfo.cpp">
      <Filter>Source Files</Filter>
    </ClCompile>
    <ClCompile Include="Src\core\tr\trquery.cpp">
      <Filter>Source Files</Filter>
    </ClCompile>
    <ClCompile Include="Src\logger\log.cpp">
      <Filter>Source Files</Filter>
    </ClCompile>
    <ClCompile Include="Src\logger\logbrowser.cpp">
      <Filter>Source Files</Filter>
    </ClCompile>
    <ClCompile Include="Src\logger\logbrowserdialog.cpp">
      <Filter>Source Files</Filter>
    </ClCompile>
    <ClCompile Include="Src\core\util\xingthread.cpp">
      <Filter>Source Files</Filter>
    </ClCompile>
    <ClCompile Include="Src\core\util\xingutil.cpp">
      <Filter>Source Files</Filter>
    </ClCompile>
    <ClCompile Include="Src\core\query\queryhandler.cpp">
      <Filter>Source Files</Filter>
    </ClCompile>
    <ClCompile Include="Src\core\query\querymngr.cpp">
      <Filter>Source Files</Filter>
    </ClCompile>
    <ClCompile Include="Src\service\chart\ui\qchartviewer.cpp">
      <Filter>Source Files</Filter>
    </ClCompile>
    <ClCompile Include="Src\service\chart\util\ModifiedPrice.cpp">
      <Filter>Source Files</Filter>
    </ClCompile>
    <ClCompile Include="Src\service\chart\stockchartdatamanager.cpp">
      <Filter>Source Files</Filter>
    </ClCompile>
    <ClCompile Include="Src\service\info\stockinfomngr.cpp">
      <Filter>Source Files</Filter>
    </ClCompile>
    <ClCompile Include="Src\service\info\stockinfoupdater.cpp">
      <Filter>Source Files</Filter>
    </ClCompile>
    <ClCompile Include="Src\service\info\themeupjongupdater.cpp">
      <Filter>Source Files</Filter>
    </ClCompile>
    <ClCompile Include="Src\service\info\UpjongCodeUpdater.cpp">
      <Filter>Source Files</Filter>
    </ClCompile>
    <ClCompile Include="Src\service\login\ui\logindialog.cpp">
      <Filter>Source Files</Filter>
    </ClCompile>
    <ClCompile Include="Src\service\login\loginmngr.cpp">
      <Filter>Source Files</Filter>
    </ClCompile>
    <ClCompile Include="Src\service\sad\ui\progressbaritemdelegate.cpp">
      <Filter>Source Files</Filter>
    </ClCompile>
    <ClCompile Include="Src\service\sad\sadmodel.cpp">
      <Filter>Source Files</Filter>
    </ClCompile>
    <ClCompile Include="Src\service\sad\stockexchangeinfo.cpp">
      <Filter>Source Files</Filter>
    </ClCompile>
    <ClCompile Include="Src\service\sad\stockexchangemngr.cpp">
      <Filter>Source Files</Filter>
    </ClCompile>
    <ClCompile Include="Src\service\sad\summarymodel.cpp">
      <Filter>Source Files</Filter>
    </ClCompile>
    <ClCompile Include="Src\service\sad\warehousehistory.cpp">
      <Filter>Source Files</Filter>
    </ClCompile>
    <ClCompile Include="Src\core\xing\xaquery.cpp">
      <Filter>Source Files</Filter>
    </ClCompile>
    <ClCompile Include="Src\core\xing\xareal.cpp">
      <Filter>Source Files</Filter>
    </ClCompile>
    <ClCompile Include="Src\core\xing\xasession.cpp">
      <Filter>Source Files</Filter>
    </ClCompile>
    <ClCompile Include="Src\core\xing\xasessionevents.cpp">
      <Filter>Source Files</Filter>
    </ClCompile>
    <ClCompile Include="Src\service\info\updatecenter.cpp">
      <Filter>Source Files</Filter>
    </ClCompile>
    <ClCompile Include="GeneratedFiles\Debug\moc_updatecenter.cpp">
      <Filter>Generated Files\Debug</Filter>
    </ClCompile>
    <ClCompile Include="GeneratedFiles\Release\moc_updatecenter.cpp">
      <Filter>Generated Files\Release</Filter>
    </ClCompile>
    <ClCompile Include="Src\service\info\movementupdater.cpp">
      <Filter>Source Files</Filter>
    </ClCompile>
    <ClCompile Include="Src\service\chart\ui\chartwidget.cpp">
      <Filter>Source Files</Filter>
    </ClCompile>
    <ClCompile Include="GeneratedFiles\Debug\moc_chartwidget.cpp">
      <Filter>Generated Files\Debug</Filter>
    </ClCompile>
    <ClCompile Include="GeneratedFiles\Release\moc_chartwidget.cpp">
      <Filter>Generated Files\Release</Filter>
    </ClCompile>
    <ClCompile Include="Src\service\chart\util\ui_common_util.cpp">
      <Filter>Source Files</Filter>
    </ClCompile>
    <ClCompile Include="Src\service\chart\data\StockPriceData.cpp">
      <Filter>Source Files</Filter>
    </ClCompile>
    <ClCompile Include="Src\service\chart\ui\hotspotdialog.cpp">
      <Filter>Source Files</Filter>
    </ClCompile>
    <ClCompile Include="GeneratedFiles\Debug\moc_hotspotdialog.cpp">
      <Filter>Generated Files\Debug</Filter>
    </ClCompile>
    <ClCompile Include="GeneratedFiles\Release\moc_hotspotdialog.cpp">
      <Filter>Generated Files\Release</Filter>
    </ClCompile>
    <ClCompile Include="Src\service\chart\setting\chartsetting.cpp">
      <Filter>Source Files</Filter>
    </ClCompile>
    <ClCompile Include="Src\service\chart\setting\MainChartSetting.cpp">
      <Filter>Source Files</Filter>
    </ClCompile>
    <ClCompile Include="Src\service\chart\setting\chartinfo.cpp">
      <Filter>Source Files</Filter>
    </ClCompile>
  </ItemGroup>
  <ItemGroup>
    <ClInclude Include="Src\xinglib.h">
      <Filter>Header Files</Filter>
    </ClInclude>
    <ClInclude Include="GeneratedFiles\ui_logbrowserdialog.h">
      <Filter>Generated Files</Filter>
    </ClInclude>
    <ClInclude Include="GeneratedFiles\ui_qperiodselectiondlg.h">
      <Filter>Generated Files</Filter>
    </ClInclude>
    <ClInclude Include="GeneratedFiles\ui_shcodeselectiondialog.h">
      <Filter>Generated Files</Filter>
    </ClInclude>
    <ClInclude Include="GeneratedFiles\ui_logindialog.h">
      <Filter>Generated Files</Filter>
    </ClInclude>
    <ClInclude Include="Src\common\type\commontype.h">
      <Filter>Header Files</Filter>
    </ClInclude>
    <ClInclude Include="Src\core\tr\trmetainfo.h">
      <Filter>Header Files</Filter>
    </ClInclude>
    <ClInclude Include="Src\logger\log.h">
      <Filter>Header Files</Filter>
    </ClInclude>
    <ClInclude Include="Src\core\util\xingutil.h">
      <Filter>Header Files</Filter>
    </ClInclude>
    <ClInclude Include="Src\service\chart\util\ModifiedPrice.h">
      <Filter>Header Files</Filter>
    </ClInclude>
    <ClInclude Include="Src\service\sad\stockexchangeinfo.h">
      <Filter>Header Files</Filter>
    </ClInclude>
    <ClInclude Include="Src\service\sad\warehousehistory.h">
      <Filter>Header Files</Filter>
    </ClInclude>
    <ClInclude Include="GeneratedFiles\ui_chartwidget.h">
      <Filter>Generated Files</Filter>
    </ClInclude>
    <ClInclude Include="Src\service\chart\util\ui_common_util.h">
      <Filter>Header Files</Filter>
    </ClInclude>
    <ClInclude Include="Src\service\chart\setting\chartsetting.h">
      <Filter>Header Files</Filter>
    </ClInclude>
    <ClInclude Include="Src\service\chart\setting\MainChartSetting.h">
      <Filter>Header Files</Filter>
    </ClInclude>
    <ClInclude Include="Src\service\chart\chart_common.h">
      <Filter>Header Files</Filter>
    </ClInclude>
    <ClInclude Include="Src\service\chart\setting\chartinfo.h">
      <Filter>Header Files</Filter>
    </ClInclude>
  </ItemGroup>
  <ItemGroup>
    <CustomBuild Include="Src\common\type\stockinfo.h">
      <Filter>Header Files</Filter>
    </CustomBuild>
    <CustomBuild Include="Src\common\ui\qperiodselectiondlg.h">
      <Filter>Header Files</Filter>
    </CustomBuild>
    <CustomBuild Include="Src\common\ui\qperiodselectiondlg.ui">
      <Filter>Form Files</Filter>
    </CustomBuild>
    <CustomBuild Include="Src\common\ui\shcodeselectiondialog.h">
      <Filter>Header Files</Filter>
    </CustomBuild>
    <CustomBuild Include="Src\common\ui\shcodeselectiondialog.ui">
      <Filter>Form Files</Filter>
    </CustomBuild>
    <CustomBuild Include="Src\core\tr\t1102\t1102item.h">
      <Filter>Header Files</Filter>
    </CustomBuild>
    <CustomBuild Include="Src\core\tr\t1102\t1102query.h">
      <Filter>Header Files</Filter>
    </CustomBuild>
    <CustomBuild Include="Src\core\tr\t1516\t1516item.h">
      <Filter>Header Files</Filter>
    </CustomBuild>
    <CustomBuild Include="Src\core\tr\t1516\t1516query.h">
      <Filter>Header Files</Filter>
    </CustomBuild>
    <CustomBuild Include="Src\core\tr\t1537\t1537item.h">
      <Filter>Header Files</Filter>
    </CustomBuild>
    <CustomBuild Include="Src\core\tr\t1537\t1537query.h">
      <Filter>Header Files</Filter>
    </CustomBuild>
    <CustomBuild Include="Src\core\tr\t1702\t1702item.h">
      <Filter>Header Files</Filter>
    </CustomBuild>
    <CustomBuild Include="Src\core\tr\t1702\t1702query.h">
      <Filter>Header Files</Filter>
    </CustomBuild>
    <CustomBuild Include="Src\core\tr\t8413\t8413item.h">
      <Filter>Header Files</Filter>
    </CustomBuild>
    <CustomBuild Include="Src\core\tr\t8413\t8413query.h">
      <Filter>Header Files</Filter>
    </CustomBuild>
    <CustomBuild Include="Src\core\tr\t8424\t8424item.h">
      <Filter>Header Files</Filter>
    </CustomBuild>
    <CustomBuild Include="Src\core\tr\t8424\t8424query.h">
      <Filter>Header Files</Filter>
    </CustomBuild>
    <CustomBuild Include="Src\core\tr\t8425\T8425Item.h">
      <Filter>Header Files</Filter>
    </CustomBuild>
    <CustomBuild Include="Src\core\tr\t8425\T8425Query.h">
      <Filter>Header Files</Filter>
    </CustomBuild>
    <CustomBuild Include="Src\core\tr\t8430\t8430item.h">
      <Filter>Header Files</Filter>
    </CustomBuild>
    <CustomBuild Include="Src\core\tr\t8430\t8430query.h">
      <Filter>Header Files</Filter>
    </CustomBuild>
    <CustomBuild Include="Src\core\tr\blocktrquery.h">
      <Filter>Header Files</Filter>
    </CustomBuild>
    <CustomBuild Include="Src\core\tr\ctstrquery.h">
      <Filter>Header Files</Filter>
    </CustomBuild>
    <CustomBuild Include="Src\core\tr\simpletrquery.h">
      <Filter>Header Files</Filter>
    </CustomBuild>
    <CustomBuild Include="Src\core\tr\tritem.h">
      <Filter>Header Files</Filter>
    </CustomBuild>
    <CustomBuild Include="Src\core\tr\trquery.h">
      <Filter>Header Files</Filter>
    </CustomBuild>
    <CustomBuild Include="Src\logger\logbrowser.h">
      <Filter>Header Files</Filter>
    </CustomBuild>
    <CustomBuild Include="Src\logger\logbrowserdialog.h">
      <Filter>Header Files</Filter>
    </CustomBuild>
    <CustomBuild Include="Src\logger\logbrowserdialog.ui">
      <Filter>Form Files</Filter>
    </CustomBuild>
    <CustomBuild Include="Src\core\util\xingthread.h">
      <Filter>Header Files</Filter>
    </CustomBuild>
    <CustomBuild Include="Src\core\query\queryhandler.h">
      <Filter>Header Files</Filter>
    </CustomBuild>
    <CustomBuild Include="Src\core\query\querymngr.h">
      <Filter>Header Files</Filter>
    </CustomBuild>
    <CustomBuild Include="Src\service\chart\ui\qchartviewer.h">
      <Filter>Header Files</Filter>
    </CustomBuild>
    <CustomBuild Include="Src\service\chart\stockchartdatamanager.h">
      <Filter>Header Files</Filter>
    </CustomBuild>
    <CustomBuild Include="Src\service\info\stockinfomngr.h">
      <Filter>Header Files</Filter>
    </CustomBuild>
    <CustomBuild Include="Src\service\info\stockinfoupdater.h">
      <Filter>Header Files</Filter>
    </CustomBuild>
    <CustomBuild Include="Src\service\info\themeupjongupdater.h">
      <Filter>Header Files</Filter>
    </CustomBuild>
    <CustomBuild Include="Src\service\info\UpjongCodeUpdater.h">
      <Filter>Header Files</Filter>
    </CustomBuild>
    <CustomBuild Include="Src\service\login\ui\logindialog.h">
      <Filter>Header Files</Filter>
    </CustomBuild>
    <CustomBuild Include="Src\service\login\logindialog.ui">
      <Filter>Form Files</Filter>
    </CustomBuild>
    <CustomBuild Include="Src\service\login\loginmngr.h">
      <Filter>Header Files</Filter>
    </CustomBuild>
    <CustomBuild Include="Src\service\sad\ui\progressbaritemdelegate.h">
      <Filter>Header Files</Filter>
    </CustomBuild>
    <CustomBuild Include="Src\service\sad\sadmodel.h">
      <Filter>Header Files</Filter>
    </CustomBuild>
    <CustomBuild Include="Src\service\sad\stockexchangemngr.h">
      <Filter>Header Files</Filter>
    </CustomBuild>
    <CustomBuild Include="Src\service\sad\summarymodel.h">
      <Filter>Header Files</Filter>
    </CustomBuild>
    <CustomBuild Include="Src\core\xing\xaquery.h">
      <Filter>Header Files</Filter>
    </CustomBuild>
    <CustomBuild Include="Src\core\xing\xareal.h">
      <Filter>Header Files</Filter>
    </CustomBuild>
    <CustomBuild Include="Src\core\xing\xasession.h">
      <Filter>Header Files</Filter>
    </CustomBuild>
    <CustomBuild Include="Src\core\xing\xasessionevents.h">
      <Filter>Header Files</Filter>
    </CustomBuild>
    <CustomBuild Include="Src\service\info\updatecenter.h">
      <Filter>Header Files</Filter>
    </CustomBuild>
    <CustomBuild Include="Src\service\info\movementupdater.h">
      <Filter>Header Files</Filter>
    </CustomBuild>
    <CustomBuild Include="Src\service\chart\ui\chartwidget.h">
      <Filter>Header Files</Filter>
    </CustomBuild>
    <CustomBuild Include="Src\service\chart\ui\chartwidget.ui">
      <Filter>Form Files</Filter>
    </CustomBuild>
    <CustomBuild Include="Src\service\chart\data\StockPriceData.h">
      <Filter>Header Files</Filter>
    </CustomBuild>
    <CustomBuild Include="Src\service\chart\ui\hotspotdialog.h">
      <Filter>Header Files</Filter>
    </CustomBuild>
    <CustomBuild Include="Src\logger\traderx.ui">
      <Filter>Form Files</Filter>
    </CustomBuild>
  </ItemGroup>
</Project>