<?xml version="1.0" encoding="utf-8"?>
<Project ToolsVersion="4.0" xmlns="http://schemas.microsoft.com/developer/msbuild/2003">
  <ItemGroup>
    <Filter Include="Form Files">
      <UniqueIdentifier>{99349809-55BA-4b9d-BF79-8FDBB0286EB3}</UniqueIdentifier>
      <Extensions>ui</Extensions>
      <ParseFiles>false</ParseFiles>
    </Filter>
    <Filter Include="Form Files">
      <UniqueIdentifier>{99349809-55BA-4b9d-BF79-8FDBB0286EB3}</UniqueIdentifier>
      <Extensions>ui</Extensions>
      <ParseFiles>false</ParseFiles>
    </Filter>
    <Filter Include="Generated Files">
      <UniqueIdentifier>{71ED8ED8-ACB9-4CE9-BBE1-E00B30144E11}</UniqueIdentifier>
      <Extensions>cpp;c;cxx;moc;h;def;odl;idl;res;</Extensions>
    </Filter>
    <Filter Include="Generated Files">
      <UniqueIdentifier>{71ED8ED8-ACB9-4CE9-BBE1-E00B30144E11}</UniqueIdentifier>
      <Extensions>cpp;c;cxx;moc;h;def;odl;idl;res;</Extensions>
    </Filter>
    <Filter Include="Header Files">
      <UniqueIdentifier>{93995380-89BD-4b04-88EB-625FBE52EBFB}</UniqueIdentifier>
      <Extensions>h;hpp;hxx;hm;inl;inc;xsd</Extensions>
    </Filter>
    <Filter Include="Header Files">
      <UniqueIdentifier>{93995380-89BD-4b04-88EB-625FBE52EBFB}</UniqueIdentifier>
      <Extensions>h;hpp;hxx;hm;inl;inc;xsd</Extensions>
    </Filter>
    <Filter Include="Source Files">
      <UniqueIdentifier>{4FC737F1-C7A5-4376-A066-2A32D752A2FF}</UniqueIdentifier>
      <Extensions>cpp;c;cxx;def;odl;idl;hpj;bat;asm;asmx</Extensions>
    </Filter>
    <Filter Include="Source Files">
      <UniqueIdentifier>{4FC737F1-C7A5-4376-A066-2A32D752A2FF}</UniqueIdentifier>
      <Extensions>cpp;c;cxx;def;odl;idl;hpj;bat;asm;asmx</Extensions>
    </Filter>
    <Filter Include="Generated Files\Debug">
      <UniqueIdentifier>{dd21250c-434e-4074-8b9a-70183238824a}</UniqueIdentifier>
      <Extensions>cpp;moc</Extensions>
      <SourceControlFiles>False</SourceControlFiles>
    </Filter>
    <Filter Include="Generated Files\Release">
      <UniqueIdentifier>{6ac2a55d-f2b5-4383-a056-4f75978a1cd2}</UniqueIdentifier>
      <Extensions>cpp;moc</Extensions>
      <SourceControlFiles>False</SourceControlFiles>
    </Filter>
  </ItemGroup>
  <ItemGroup>
    <ClCompile Include="util\log.cpp">
      <Filter>Source Files</Filter>
    </ClCompile>
    <ClCompile Include="util\logbrowser.cpp">
      <Filter>Source Files</Filter>
    </ClCompile>
    <ClCompile Include="util\logbrowserdialog.cpp">
      <Filter>Source Files</Filter>
    </ClCompile>
    <ClCompile Include="ui\logindialog.cpp">
      <Filter>Source Files</Filter>
    </ClCompile>
    <ClCompile Include="manager\loginmngr.cpp">
      <Filter>Source Files</Filter>
    </ClCompile>
    <ClCompile Include="main.cpp">
      <Filter>Source Files</Filter>
    </ClCompile>
    <ClCompile Include="mainwindow.cpp">
      <Filter>Source Files</Filter>
    </ClCompile>
    <ClCompile Include="manager\movementupdater.cpp">
      <Filter>Source Files</Filter>
    </ClCompile>
    <ClCompile Include="data\progressbaritemdelegate.cpp">
      <Filter>Source Files</Filter>
    </ClCompile>
    <ClCompile Include="manager\querymngr.cpp">
      <Filter>Source Files</Filter>
    </ClCompile>
    <ClCompile Include="data\sadmodel.cpp">
      <Filter>Source Files</Filter>
    </ClCompile>
    <ClCompile Include="ui\shcodeselectiondialog.cpp">
      <Filter>Source Files</Filter>
    </ClCompile>
    <ClCompile Include="data\stockexchangeinfo.cpp">
      <Filter>Source Files</Filter>
    </ClCompile>
    <ClCompile Include="manager\stockexchangemngr.cpp">
      <Filter>Source Files</Filter>
    </ClCompile>
    <ClCompile Include="data\stockinfo.cpp">
      <Filter>Source Files</Filter>
    </ClCompile>
    <ClCompile Include="manager\stockinfomngr.cpp">
      <Filter>Source Files</Filter>
    </ClCompile>
    <ClCompile Include="manager\stockinfoupdater.cpp">
      <Filter>Source Files</Filter>
    </ClCompile>
    <ClCompile Include="data\summarymodel.cpp">
      <Filter>Source Files</Filter>
    </ClCompile>
    <ClCompile Include="tr\t1102\t1102item.cpp">
      <Filter>Source Files</Filter>
    </ClCompile>
    <ClCompile Include="tr\t1102\t1102query.cpp">
      <Filter>Source Files</Filter>
    </ClCompile>
    <ClCompile Include="tr\t1516\t1516item.cpp">
      <Filter>Source Files</Filter>
    </ClCompile>
    <ClCompile Include="tr\t1516\t1516query.cpp">
      <Filter>Source Files</Filter>
    </ClCompile>
    <ClCompile Include="tr\t1702\t1702item.cpp">
      <Filter>Source Files</Filter>
    </ClCompile>
    <ClCompile Include="tr\t1702\t1702query.cpp">
      <Filter>Source Files</Filter>
    </ClCompile>
    <ClCompile Include="tr\t8424\t8424item.cpp">
      <Filter>Source Files</Filter>
    </ClCompile>
    <ClCompile Include="tr\t8424\t8424query.cpp">
      <Filter>Source Files</Filter>
    </ClCompile>
    <ClCompile Include="tr\t8430\t8430item.cpp">
      <Filter>Source Files</Filter>
    </ClCompile>
    <ClCompile Include="tr\t8430\t8430query.cpp">
      <Filter>Source Files</Filter>
    </ClCompile>
    <ClCompile Include="tr\tritem.cpp">
      <Filter>Source Files</Filter>
    </ClCompile>
    <ClCompile Include="tr\trmetainfo.cpp">
      <Filter>Source Files</Filter>
    </ClCompile>
    <ClCompile Include="tr\trquery.cpp">
      <Filter>Source Files</Filter>
    </ClCompile>
    <ClCompile Include="ui\upcodeselectiondialog.cpp">
      <Filter>Source Files</Filter>
    </ClCompile>
    <ClCompile Include="data\warehousehistory.cpp">
      <Filter>Source Files</Filter>
    </ClCompile>
    <ClCompile Include="XingLib\xaquery.cpp">
      <Filter>Source Files</Filter>
    </ClCompile>
    <ClCompile Include="XingLib\xareal.cpp">
      <Filter>Source Files</Filter>
    </ClCompile>
    <ClCompile Include="XingLib\xasession.cpp">
      <Filter>Source Files</Filter>
    </ClCompile>
    <ClCompile Include="XingLib\xasessionevents.cpp">
      <Filter>Source Files</Filter>
    </ClCompile>
    <ClCompile Include="util\xingthread.cpp">
      <Filter>Source Files</Filter>
    </ClCompile>
    <ClCompile Include="util\xingutil.cpp">
      <Filter>Source Files</Filter>
    </ClCompile>
    <ClCompile Include="Debug\moc_logbrowser.cpp">
      <Filter>Generated Files\Debug</Filter>
    </ClCompile>
    <ClCompile Include="Release\moc_logbrowser.cpp">
      <Filter>Generated Files\Release</Filter>
    </ClCompile>
    <ClCompile Include="Debug\moc_logbrowserdialog.cpp">
      <Filter>Generated Files\Debug</Filter>
    </ClCompile>
    <ClCompile Include="Release\moc_logbrowserdialog.cpp">
      <Filter>Generated Files\Release</Filter>
    </ClCompile>
    <ClCompile Include="Debug\moc_logindialog.cpp">
      <Filter>Generated Files\Debug</Filter>
    </ClCompile>
    <ClCompile Include="Release\moc_logindialog.cpp">
      <Filter>Generated Files\Release</Filter>
    </ClCompile>
    <ClCompile Include="Debug\moc_loginmngr.cpp">
      <Filter>Generated Files\Debug</Filter>
    </ClCompile>
    <ClCompile Include="Release\moc_loginmngr.cpp">
      <Filter>Generated Files\Release</Filter>
    </ClCompile>
    <ClCompile Include="Debug\moc_mainwindow.cpp">
      <Filter>Generated Files\Debug</Filter>
    </ClCompile>
    <ClCompile Include="Release\moc_mainwindow.cpp">
      <Filter>Generated Files\Release</Filter>
    </ClCompile>
    <ClCompile Include="Debug\moc_movementupdater.cpp">
      <Filter>Generated Files\Debug</Filter>
    </ClCompile>
    <ClCompile Include="Release\moc_movementupdater.cpp">
      <Filter>Generated Files\Release</Filter>
    </ClCompile>
    <ClCompile Include="Debug\moc_progressbaritemdelegate.cpp">
      <Filter>Generated Files\Debug</Filter>
    </ClCompile>
    <ClCompile Include="Release\moc_progressbaritemdelegate.cpp">
      <Filter>Generated Files\Release</Filter>
    </ClCompile>
    <ClCompile Include="Debug\moc_querymngr.cpp">
      <Filter>Generated Files\Debug</Filter>
    </ClCompile>
    <ClCompile Include="Release\moc_querymngr.cpp">
      <Filter>Generated Files\Release</Filter>
    </ClCompile>
    <ClCompile Include="Debug\moc_sadmodel.cpp">
      <Filter>Generated Files\Debug</Filter>
    </ClCompile>
    <ClCompile Include="Release\moc_sadmodel.cpp">
      <Filter>Generated Files\Release</Filter>
    </ClCompile>
    <ClCompile Include="Debug\moc_shcodeselectiondialog.cpp">
      <Filter>Generated Files\Debug</Filter>
    </ClCompile>
    <ClCompile Include="Release\moc_shcodeselectiondialog.cpp">
      <Filter>Generated Files\Release</Filter>
    </ClCompile>
    <ClCompile Include="Debug\moc_stockexchangemngr.cpp">
      <Filter>Generated Files\Debug</Filter>
    </ClCompile>
    <ClCompile Include="Release\moc_stockexchangemngr.cpp">
      <Filter>Generated Files\Release</Filter>
    </ClCompile>
    <ClCompile Include="Debug\moc_stockinfo.cpp">
      <Filter>Generated Files\Debug</Filter>
    </ClCompile>
    <ClCompile Include="Release\moc_stockinfo.cpp">
      <Filter>Generated Files\Release</Filter>
    </ClCompile>
    <ClCompile Include="Debug\moc_stockinfomngr.cpp">
      <Filter>Generated Files\Debug</Filter>
    </ClCompile>
    <ClCompile Include="Release\moc_stockinfomngr.cpp">
      <Filter>Generated Files\Release</Filter>
    </ClCompile>
    <ClCompile Include="Debug\moc_stockinfoupdater.cpp">
      <Filter>Generated Files\Debug</Filter>
    </ClCompile>
    <ClCompile Include="Release\moc_stockinfoupdater.cpp">
      <Filter>Generated Files\Release</Filter>
    </ClCompile>
    <ClCompile Include="Debug\moc_summarymodel.cpp">
      <Filter>Generated Files\Debug</Filter>
    </ClCompile>
    <ClCompile Include="Release\moc_summarymodel.cpp">
      <Filter>Generated Files\Release</Filter>
    </ClCompile>
    <ClCompile Include="Debug\moc_t1102item.cpp">
      <Filter>Generated Files\Debug</Filter>
    </ClCompile>
    <ClCompile Include="Release\moc_t1102item.cpp">
      <Filter>Generated Files\Release</Filter>
    </ClCompile>
    <ClCompile Include="Debug\moc_t1102query.cpp">
      <Filter>Generated Files\Debug</Filter>
    </ClCompile>
    <ClCompile Include="Release\moc_t1102query.cpp">
      <Filter>Generated Files\Release</Filter>
    </ClCompile>
    <ClCompile Include="Debug\moc_t1516item.cpp">
      <Filter>Generated Files\Debug</Filter>
    </ClCompile>
    <ClCompile Include="Release\moc_t1516item.cpp">
      <Filter>Generated Files\Release</Filter>
    </ClCompile>
    <ClCompile Include="Debug\moc_t1516query.cpp">
      <Filter>Generated Files\Debug</Filter>
    </ClCompile>
    <ClCompile Include="Release\moc_t1516query.cpp">
      <Filter>Generated Files\Release</Filter>
    </ClCompile>
    <ClCompile Include="Debug\moc_t1702item.cpp">
      <Filter>Generated Files\Debug</Filter>
    </ClCompile>
    <ClCompile Include="Release\moc_t1702item.cpp">
      <Filter>Generated Files\Release</Filter>
    </ClCompile>
    <ClCompile Include="Debug\moc_t1702query.cpp">
      <Filter>Generated Files\Debug</Filter>
    </ClCompile>
    <ClCompile Include="Release\moc_t1702query.cpp">
      <Filter>Generated Files\Release</Filter>
    </ClCompile>
    <ClCompile Include="Debug\moc_t8424item.cpp">
      <Filter>Generated Files\Debug</Filter>
    </ClCompile>
    <ClCompile Include="Release\moc_t8424item.cpp">
      <Filter>Generated Files\Release</Filter>
    </ClCompile>
    <ClCompile Include="Debug\moc_t8424query.cpp">
      <Filter>Generated Files\Debug</Filter>
    </ClCompile>
    <ClCompile Include="Release\moc_t8424query.cpp">
      <Filter>Generated Files\Release</Filter>
    </ClCompile>
    <ClCompile Include="Debug\moc_t8430item.cpp">
      <Filter>Generated Files\Debug</Filter>
    </ClCompile>
    <ClCompile Include="Release\moc_t8430item.cpp">
      <Filter>Generated Files\Release</Filter>
    </ClCompile>
    <ClCompile Include="Debug\moc_t8430query.cpp">
      <Filter>Generated Files\Debug</Filter>
    </ClCompile>
    <ClCompile Include="Release\moc_t8430query.cpp">
      <Filter>Generated Files\Release</Filter>
    </ClCompile>
    <ClCompile Include="Debug\moc_tritem.cpp">
      <Filter>Generated Files\Debug</Filter>
    </ClCompile>
    <ClCompile Include="Release\moc_tritem.cpp">
      <Filter>Generated Files\Release</Filter>
    </ClCompile>
    <ClCompile Include="Debug\moc_trquery.cpp">
      <Filter>Generated Files\Debug</Filter>
    </ClCompile>
    <ClCompile Include="Release\moc_trquery.cpp">
      <Filter>Generated Files\Release</Filter>
    </ClCompile>
    <ClCompile Include="Debug\moc_upcodeselectiondialog.cpp">
      <Filter>Generated Files\Debug</Filter>
    </ClCompile>
    <ClCompile Include="Release\moc_upcodeselectiondialog.cpp">
      <Filter>Generated Files\Release</Filter>
    </ClCompile>
    <ClCompile Include="Debug\moc_xaquery.cpp">
      <Filter>Generated Files\Debug</Filter>
    </ClCompile>
    <ClCompile Include="Release\moc_xaquery.cpp">
      <Filter>Generated Files\Release</Filter>
    </ClCompile>
    <ClCompile Include="Debug\moc_xareal.cpp">
      <Filter>Generated Files\Debug</Filter>
    </ClCompile>
    <ClCompile Include="Release\moc_xareal.cpp">
      <Filter>Generated Files\Release</Filter>
    </ClCompile>
    <ClCompile Include="Debug\moc_xasession.cpp">
      <Filter>Generated Files\Debug</Filter>
    </ClCompile>
    <ClCompile Include="Release\moc_xasession.cpp">
      <Filter>Generated Files\Release</Filter>
    </ClCompile>
    <ClCompile Include="Debug\moc_xasessionevents.cpp">
      <Filter>Generated Files\Debug</Filter>
    </ClCompile>
    <ClCompile Include="Release\moc_xasessionevents.cpp">
      <Filter>Generated Files\Release</Filter>
    </ClCompile>
    <ClCompile Include="Debug\moc_xingthread.cpp">
      <Filter>Generated Files\Debug</Filter>
    </ClCompile>
    <ClCompile Include="Release\moc_xingthread.cpp">
      <Filter>Generated Files\Release</Filter>
    </ClCompile>
    <ClCompile Include="tr\t8425\T8425Item.cpp">
      <Filter>Source Files</Filter>
    </ClCompile>
    <ClCompile Include="tr\t8425\T8425Query.cpp">
      <Filter>Generated Files</Filter>
    </ClCompile>
    <ClCompile Include="Debug\moc_T8425Query.cpp">
      <Filter>Generated Files\Debug</Filter>
    </ClCompile>
    <ClCompile Include="Debug\moc_T8425Item.cpp">
      <Filter>Generated Files\Debug</Filter>
    </ClCompile>
  </ItemGroup>
  <ItemGroup>
    <ClInclude Include="data\commontype.h">
      <Filter>Header Files</Filter>
    </ClInclude>
    <ClInclude Include="util\log.h">
      <Filter>Header Files</Filter>
    </ClInclude>
    <CustomBuild Include="util\logbrowser.h">
      <Filter>Header Files</Filter>
    </CustomBuild>
    <CustomBuild Include="util\logbrowserdialog.h">
      <Filter>Header Files</Filter>
    </CustomBuild>
    <CustomBuild Include="ui\logindialog.h">
      <Filter>Header Files</Filter>
    </CustomBuild>
    <CustomBuild Include="manager\loginmngr.h">
      <Filter>Header Files</Filter>
    </CustomBuild>
    <CustomBuild Include="mainwindow.h">
      <Filter>Header Files</Filter>
    </CustomBuild>
    <CustomBuild Include="manager\movementupdater.h">
      <Filter>Header Files</Filter>
    </CustomBuild>
    <CustomBuild Include="data\progressbaritemdelegate.h">
      <Filter>Header Files</Filter>
    </CustomBuild>
    <CustomBuild Include="manager\querymngr.h">
      <Filter>Header Files</Filter>
    </CustomBuild>
    <CustomBuild Include="data\sadmodel.h">
      <Filter>Header Files</Filter>
    </CustomBuild>
    <CustomBuild Include="ui\shcodeselectiondialog.h">
      <Filter>Header Files</Filter>
    </CustomBuild>
    <ClInclude Include="data\stockexchangeinfo.h">
      <Filter>Header Files</Filter>
    </ClInclude>
    <CustomBuild Include="manager\stockexchangemngr.h">
      <Filter>Header Files</Filter>
    </CustomBuild>
    <CustomBuild Include="data\stockinfo.h">
      <Filter>Header Files</Filter>
    </CustomBuild>
    <CustomBuild Include="manager\stockinfomngr.h">
      <Filter>Header Files</Filter>
    </CustomBuild>
    <CustomBuild Include="manager\stockinfoupdater.h">
      <Filter>Header Files</Filter>
    </CustomBuild>
    <CustomBuild Include="data\summarymodel.h">
      <Filter>Header Files</Filter>
    </CustomBuild>
    <CustomBuild Include="tr\t1102\t1102item.h">
      <Filter>Header Files</Filter>
    </CustomBuild>
    <CustomBuild Include="tr\t1102\t1102query.h">
      <Filter>Header Files</Filter>
    </CustomBuild>
    <CustomBuild Include="tr\t1516\t1516item.h">
      <Filter>Header Files</Filter>
    </CustomBuild>
    <CustomBuild Include="tr\t1516\t1516query.h">
      <Filter>Header Files</Filter>
    </CustomBuild>
    <CustomBuild Include="tr\t1702\t1702item.h">
      <Filter>Header Files</Filter>
    </CustomBuild>
    <CustomBuild Include="tr\t1702\t1702query.h">
      <Filter>Header Files</Filter>
    </CustomBuild>
    <CustomBuild Include="tr\t8424\t8424item.h">
      <Filter>Header Files</Filter>
    </CustomBuild>
    <CustomBuild Include="tr\t8424\t8424query.h">
      <Filter>Header Files</Filter>
    </CustomBuild>
    <CustomBuild Include="tr\t8430\t8430item.h">
      <Filter>Header Files</Filter>
    </CustomBuild>
    <CustomBuild Include="tr\t8430\t8430query.h">
      <Filter>Header Files</Filter>
    </CustomBuild>
    <CustomBuild Include="tr\tritem.h">
      <Filter>Header Files</Filter>
    </CustomBuild>
    <ClInclude Include="tr\trmetainfo.h">
      <Filter>Header Files</Filter>
    </ClInclude>
    <CustomBuild Include="tr\trquery.h">
      <Filter>Header Files</Filter>
    </CustomBuild>
    <CustomBuild Include="ui\upcodeselectiondialog.h">
      <Filter>Header Files</Filter>
    </CustomBuild>
    <ClInclude Include="data\warehousehistory.h">
      <Filter>Header Files</Filter>
    </ClInclude>
    <CustomBuild Include="XingLib\xaquery.h">
      <Filter>Header Files</Filter>
    </CustomBuild>
    <CustomBuild Include="XingLib\xareal.h">
      <Filter>Header Files</Filter>
    </CustomBuild>
    <CustomBuild Include="XingLib\xasession.h">
      <Filter>Header Files</Filter>
    </CustomBuild>
    <CustomBuild Include="XingLib\xasessionevents.h">
      <Filter>Header Files</Filter>
    </CustomBuild>
    <CustomBuild Include="util\xingthread.h">
      <Filter>Header Files</Filter>
    </CustomBuild>
    <ClInclude Include="util\xingutil.h">
      <Filter>Header Files</Filter>
    </ClInclude>
    <ClInclude Include="GeneratedFiles\ui_logbrowserdialog.h">
      <Filter>Generated Files</Filter>
    </ClInclude>
    <ClInclude Include="GeneratedFiles\ui_logindialog.h">
      <Filter>Generated Files</Filter>
    </ClInclude>
    <ClInclude Include="GeneratedFiles\ui_mainwindow.h">
      <Filter>Generated Files</Filter>
    </ClInclude>
    <ClInclude Include="GeneratedFiles\ui_shcodeselectiondialog.h">
      <Filter>Generated Files</Filter>
    </ClInclude>
    <ClInclude Include="GeneratedFiles\ui_upcodeselectiondialog.h">
      <Filter>Generated Files</Filter>
    </ClInclude>
  </ItemGroup>
  <ItemGroup>
    <CustomBuild Include="util\logbrowserdialog.ui">
      <Filter>Form Files</Filter>
    </CustomBuild>
    <CustomBuild Include="ui\logindialog.ui">
      <Filter>Form Files</Filter>
    </CustomBuild>
    <CustomBuild Include="mainwindow.ui">
      <Filter>Form Files</Filter>
    </CustomBuild>
    <CustomBuild Include="ui\shcodeselectiondialog.ui">
      <Filter>Form Files</Filter>
    </CustomBuild>
    <CustomBuild Include="ui\upcodeselectiondialog.ui">
      <Filter>Form Files</Filter>
    </CustomBuild>
    <CustomBuild Include="tr\t8425\T8425Query.h">
      <Filter>Generated Files</Filter>
    </CustomBuild>
    <CustomBuild Include="tr\t8425\T8425Item.h">
      <Filter>Header Files</Filter>
    </CustomBuild>
  </ItemGroup>
</Project>